{
  "requires": true,
  "lockfileVersion": 1,
  "dependencies": {
    "tiff-to-png": {
      "version": "2.0.2",
      "resolved": "https://registry.npmjs.org/tiff-to-png/-/tiff-to-png-2.0.2.tgz",
      "integrity": "sha512-1gD1s5aeYdsTJ1xskXcf+qlpZKXsMiVm1PZan4VjN2RMAEgqBG/pHLXegTwmdT9ihOjCjYmk4kx6MJCZ20Bvdg=="
    }
  }
}
